
Microsoft Visual Studio Solution File, Format Version 12.00
# Visual Studio Version 16
VisualStudioVersion = 16.0.30413.136
MinimumVisualStudioVersion = 10.0.40219.1
Project("{8BC9CEB8-8B4A-11D0-8D11-00A0C91BC942}") = "1-Template", "1-Template\1-Template.vcxproj", "{97098E32-977A-4376-8D2E-FC2CFE3CAADF}"
EndProject
Project("{8BC9CEB8-8B4A-11D0-8D11-00A0C91BC942}") = "2-Algorithms", "2-Algorithms\2-Algorithms.vcxproj", "{E8D917EC-3711-4FDA-A3AC-EAC075842938}"
EndProject
Project("{8BC9CEB8-8B4A-11D0-8D11-00A0C91BC942}") = "3-Array", "3-Array\3-Array.vcxproj", "{F7241538-746F-44D1-B385-5B6CDCDE353C}"
EndProject
Project("{8BC9CEB8-8B4A-11D0-8D11-00A0C91BC942}") = "4-Valarray", "4-Valarray\4-Valarray.vcxproj", "{2D56F7FA-2160-4BE7-B14C-DFFD0FCCE60E}"
EndProject
Project("{8BC9CEB8-8B4A-11D0-8D11-00A0C91BC942}") = "5-Pair", "5-Pair\5-Pair.vcxproj", "{639D20C0-D778-4AE1-977E-012CB74CEAB9}"
EndProject
Project("{8BC9CEB8-8B4A-11D0-8D11-00A0C91BC942}") = "6-Vector", "6-Vector\6-Vector.vcxproj", "{8D10A320-824C-49ED-A2D0-41E8ECAEFC3D}"
EndProject
Project("{8BC9CEB8-8B4A-11D0-8D11-00A0C91BC942}") = "7-Forward List", "7-Forward List\7-Forward List.vcxproj", "{98CFEBE3-0006-494A-84B4-5403FD43DCF2}"
EndProject
Project("{8BC9CEB8-8B4A-11D0-8D11-00A0C91BC942}") = "8-List", "8-List\8-List.vcxproj", "{BAECF064-CBA5-4714-AE1F-D1B1BE1019B3}"
EndProject
Project("{8BC9CEB8-8B4A-11D0-8D11-00A0C91BC942}") = "9-Deque", "9-Deque\9-Deque.vcxproj", "{B623C052-F71B-41B1-B78E-7F2ED6B0B126}"
EndProject
Project("{8BC9CEB8-8B4A-11D0-8D11-00A0C91BC942}") = "10-Queue", "10-Queue\10-Queue.vcxproj", "{0CEBE68B-4F5C-48E7-B2D3-D52A1E389F4B}"
EndProject
Project("{8BC9CEB8-8B4A-11D0-8D11-00A0C91BC942}") = "11-Priority Queue", "11-Priority Queue\11-Priority Queue.vcxproj", "{53AB267F-833D-4377-A8D8-8AB78E467ABB}"
EndProject
Project("{8BC9CEB8-8B4A-11D0-8D11-00A0C91BC942}") = "12-Stack", "12-Stack\12-Stack.vcxproj", "{E5227CDF-A2AD-4CA6-9A99-79DB6FEB231F}"
EndProject
Project("{8BC9CEB8-8B4A-11D0-8D11-00A0C91BC942}") = "13-Set", "13-Set\13-Set.vcxproj", "{91E4E98A-0D33-4084-AE0B-EB10EC2D9A92}"
EndProject
Project("{8BC9CEB8-8B4A-11D0-8D11-00A0C91BC942}") = "14-Map", "14-Map\14-Map.vcxproj", "{F6EE1671-4100-402F-AADA-C7747CB2CD91}"
EndProject
Project("{8BC9CEB8-8B4A-11D0-8D11-00A0C91BC942}") = "15-Multiset and Multimap", "15-Multiset and Multimap\15-Multiset and Multimap.vcxproj", "{64CEBBEE-72AC-4801-AD23-E95EC15D3C7B}"
EndProject
Project("{8BC9CEB8-8B4A-11D0-8D11-00A0C91BC942}") = "16-Unordered Set", "16-Unordered Set\16-Unordered Set.vcxproj", "{5EBA002F-0F3D-4293-BD40-15BB7676DFA6}"
EndProject
Project("{8BC9CEB8-8B4A-11D0-8D11-00A0C91BC942}") = "17-Unordered Map", "17-Unordered Map\17-Unordered Map.vcxproj", "{7E8EAD66-E862-4ECE-9CCF-20215F9D0053}"
EndProject
Project("{8BC9CEB8-8B4A-11D0-8D11-00A0C91BC942}") = "18-Functors", "18-Functors\18-Functors.vcxproj", "{3DAC2229-26E3-454D-AC3E-D0964F262BAD}"
EndProject
Project("{8BC9CEB8-8B4A-11D0-8D11-00A0C91BC942}") = "19-Iterators", "19-Iterators\19-Iterators.vcxproj", "{A1226A34-6A81-4BBB-BFA6-7395CA0B630C}"
EndProject
Global
	GlobalSection(SolutionConfigurationPlatforms) = preSolution
		Debug|x64 = Debug|x64
		Debug|x86 = Debug|x86
		Release|x64 = Release|x64
		Release|x86 = Release|x86
	EndGlobalSection
	GlobalSection(ProjectConfigurationPlatforms) = postSolution
		{97098E32-977A-4376-8D2E-FC2CFE3CAADF}.Debug|x64.ActiveCfg = Debug|x64
		{97098E32-977A-4376-8D2E-FC2CFE3CAADF}.Debug|x64.Build.0 = Debug|x64
		{97098E32-977A-4376-8D2E-FC2CFE3CAADF}.Debug|x86.ActiveCfg = Debug|Win32
		{97098E32-977A-4376-8D2E-FC2CFE3CAADF}.Debug|x86.Build.0 = Debug|Win32
		{97098E32-977A-4376-8D2E-FC2CFE3CAADF}.Release|x64.ActiveCfg = Release|x64
		{97098E32-977A-4376-8D2E-FC2CFE3CAADF}.Release|x64.Build.0 = Release|x64
		{97098E32-977A-4376-8D2E-FC2CFE3CAADF}.Release|x86.ActiveCfg = Release|Win32
		{97098E32-977A-4376-8D2E-FC2CFE3CAADF}.Release|x86.Build.0 = Release|Win32
		{E8D917EC-3711-4FDA-A3AC-EAC075842938}.Debug|x64.ActiveCfg = Debug|x64
		{E8D917EC-3711-4FDA-A3AC-EAC075842938}.Debug|x64.Build.0 = Debug|x64
		{E8D917EC-3711-4FDA-A3AC-EAC075842938}.Debug|x86.ActiveCfg = Debug|Win32
		{E8D917EC-3711-4FDA-A3AC-EAC075842938}.Debug|x86.Build.0 = Debug|Win32
		{E8D917EC-3711-4FDA-A3AC-EAC075842938}.Release|x64.ActiveCfg = Release|x64
		{E8D917EC-3711-4FDA-A3AC-EAC075842938}.Release|x64.Build.0 = Release|x64
		{E8D917EC-3711-4FDA-A3AC-EAC075842938}.Release|x86.ActiveCfg = Release|Win32
		{E8D917EC-3711-4FDA-A3AC-EAC075842938}.Release|x86.Build.0 = Release|Win32
		{F7241538-746F-44D1-B385-5B6CDCDE353C}.Debug|x64.ActiveCfg = Debug|x64
		{F7241538-746F-44D1-B385-5B6CDCDE353C}.Debug|x64.Build.0 = Debug|x64
		{F7241538-746F-44D1-B385-5B6CDCDE353C}.Debug|x86.ActiveCfg = Debug|Win32
		{F7241538-746F-44D1-B385-5B6CDCDE353C}.Debug|x86.Build.0 = Debug|Win32
		{F7241538-746F-44D1-B385-5B6CDCDE353C}.Release|x64.ActiveCfg = Release|x64
		{F7241538-746F-44D1-B385-5B6CDCDE353C}.Release|x64.Build.0 = Release|x64
		{F7241538-746F-44D1-B385-5B6CDCDE353C}.Release|x86.ActiveCfg = Release|Win32
		{F7241538-746F-44D1-B385-5B6CDCDE353C}.Release|x86.Build.0 = Release|Win32
		{2D56F7FA-2160-4BE7-B14C-DFFD0FCCE60E}.Debug|x64.ActiveCfg = Debug|x64
		{2D56F7FA-2160-4BE7-B14C-DFFD0FCCE60E}.Debug|x64.Build.0 = Debug|x64
		{2D56F7FA-2160-4BE7-B14C-DFFD0FCCE60E}.Debug|x86.ActiveCfg = Debug|Win32
		{2D56F7FA-2160-4BE7-B14C-DFFD0FCCE60E}.Debug|x86.Build.0 = Debug|Win32
		{2D56F7FA-2160-4BE7-B14C-DFFD0FCCE60E}.Release|x64.ActiveCfg = Release|x64
		{2D56F7FA-2160-4BE7-B14C-DFFD0FCCE60E}.Release|x64.Build.0 = Release|x64
		{2D56F7FA-2160-4BE7-B14C-DFFD0FCCE60E}.Release|x86.ActiveCfg = Release|Win32
		{2D56F7FA-2160-4BE7-B14C-DFFD0FCCE60E}.Release|x86.Build.0 = Release|Win32
		{639D20C0-D778-4AE1-977E-012CB74CEAB9}.Debug|x64.ActiveCfg = Debug|x64
		{639D20C0-D778-4AE1-977E-012CB74CEAB9}.Debug|x64.Build.0 = Debug|x64
		{639D20C0-D778-4AE1-977E-012CB74CEAB9}.Debug|x86.ActiveCfg = Debug|Win32
		{639D20C0-D778-4AE1-977E-012CB74CEAB9}.Debug|x86.Build.0 = Debug|Win32
		{639D20C0-D778-4AE1-977E-012CB74CEAB9}.Release|x64.ActiveCfg = Release|x64
		{639D20C0-D778-4AE1-977E-012CB74CEAB9}.Release|x64.Build.0 = Release|x64
		{639D20C0-D778-4AE1-977E-012CB74CEAB9}.Release|x86.ActiveCfg = Release|Win32
		{639D20C0-D778-4AE1-977E-012CB74CEAB9}.Release|x86.Build.0 = Release|Win32
		{8D10A320-824C-49ED-A2D0-41E8ECAEFC3D}.Debug|x64.ActiveCfg = Debug|x64
		{8D10A320-824C-49ED-A2D0-41E8ECAEFC3D}.Debug|x64.Build.0 = Debug|x64
		{8D10A320-824C-49ED-A2D0-41E8ECAEFC3D}.Debug|x86.ActiveCfg = Debug|Win32
		{8D10A320-824C-49ED-A2D0-41E8ECAEFC3D}.Debug|x86.Build.0 = Debug|Win32
		{8D10A320-824C-49ED-A2D0-41E8ECAEFC3D}.Release|x64.ActiveCfg = Release|x64
		{8D10A320-824C-49ED-A2D0-41E8ECAEFC3D}.Release|x64.Build.0 = Release|x64
		{8D10A320-824C-49ED-A2D0-41E8ECAEFC3D}.Release|x86.ActiveCfg = Release|Win32
		{8D10A320-824C-49ED-A2D0-41E8ECAEFC3D}.Release|x86.Build.0 = Release|Win32
		{98CFEBE3-0006-494A-84B4-5403FD43DCF2}.Debug|x64.ActiveCfg = Debug|x64
		{98CFEBE3-0006-494A-84B4-5403FD43DCF2}.Debug|x64.Build.0 = Debug|x64
		{98CFEBE3-0006-494A-84B4-5403FD43DCF2}.Debug|x86.ActiveCfg = Debug|Win32
		{98CFEBE3-0006-494A-84B4-5403FD43DCF2}.Debug|x86.Build.0 = Debug|Win32
		{98CFEBE3-0006-494A-84B4-5403FD43DCF2}.Release|x64.ActiveCfg = Release|x64
		{98CFEBE3-0006-494A-84B4-5403FD43DCF2}.Release|x64.Build.0 = Release|x64
		{98CFEBE3-0006-494A-84B4-5403FD43DCF2}.Release|x86.ActiveCfg = Release|Win32
		{98CFEBE3-0006-494A-84B4-5403FD43DCF2}.Release|x86.Build.0 = Release|Win32
		{BAECF064-CBA5-4714-AE1F-D1B1BE1019B3}.Debug|x64.ActiveCfg = Debug|x64
		{BAECF064-CBA5-4714-AE1F-D1B1BE1019B3}.Debug|x64.Build.0 = Debug|x64
		{BAECF064-CBA5-4714-AE1F-D1B1BE1019B3}.Debug|x86.ActiveCfg = Debug|Win32
		{BAECF064-CBA5-4714-AE1F-D1B1BE1019B3}.Debug|x86.Build.0 = Debug|Win32
		{BAECF064-CBA5-4714-AE1F-D1B1BE1019B3}.Release|x64.ActiveCfg = Release|x64
		{BAECF064-CBA5-4714-AE1F-D1B1BE1019B3}.Release|x64.Build.0 = Release|x64
		{BAECF064-CBA5-4714-AE1F-D1B1BE1019B3}.Release|x86.ActiveCfg = Release|Win32
		{BAECF064-CBA5-4714-AE1F-D1B1BE1019B3}.Release|x86.Build.0 = Release|Win32
		{B623C052-F71B-41B1-B78E-7F2ED6B0B126}.Debug|x64.ActiveCfg = Debug|x64
		{B623C052-F71B-41B1-B78E-7F2ED6B0B126}.Debug|x64.Build.0 = Debug|x64
		{B623C052-F71B-41B1-B78E-7F2ED6B0B126}.Debug|x86.ActiveCfg = Debug|Win32
		{B623C052-F71B-41B1-B78E-7F2ED6B0B126}.Debug|x86.Build.0 = Debug|Win32
		{B623C052-F71B-41B1-B78E-7F2ED6B0B126}.Release|x64.ActiveCfg = Release|x64
		{B623C052-F71B-41B1-B78E-7F2ED6B0B126}.Release|x64.Build.0 = Release|x64
		{B623C052-F71B-41B1-B78E-7F2ED6B0B126}.Release|x86.ActiveCfg = Release|Win32
		{B623C052-F71B-41B1-B78E-7F2ED6B0B126}.Release|x86.Build.0 = Release|Win32
		{0CEBE68B-4F5C-48E7-B2D3-D52A1E389F4B}.Debug|x64.ActiveCfg = Debug|x64
		{0CEBE68B-4F5C-48E7-B2D3-D52A1E389F4B}.Debug|x64.Build.0 = Debug|x64
		{0CEBE68B-4F5C-48E7-B2D3-D52A1E389F4B}.Debug|x86.ActiveCfg = Debug|Win32
		{0CEBE68B-4F5C-48E7-B2D3-D52A1E389F4B}.Debug|x86.Build.0 = Debug|Win32
		{0CEBE68B-4F5C-48E7-B2D3-D52A1E389F4B}.Release|x64.ActiveCfg = Release|x64
		{0CEBE68B-4F5C-48E7-B2D3-D52A1E389F4B}.Release|x64.Build.0 = Release|x64
		{0CEBE68B-4F5C-48E7-B2D3-D52A1E389F4B}.Release|x86.ActiveCfg = Release|Win32
		{0CEBE68B-4F5C-48E7-B2D3-D52A1E389F4B}.Release|x86.Build.0 = Release|Win32
		{53AB267F-833D-4377-A8D8-8AB78E467ABB}.Debug|x64.ActiveCfg = Debug|x64
		{53AB267F-833D-4377-A8D8-8AB78E467ABB}.Debug|x64.Build.0 = Debug|x64
		{53AB267F-833D-4377-A8D8-8AB78E467ABB}.Debug|x86.ActiveCfg = Debug|Win32
		{53AB267F-833D-4377-A8D8-8AB78E467ABB}.Debug|x86.Build.0 = Debug|Win32
		{53AB267F-833D-4377-A8D8-8AB78E467ABB}.Release|x64.ActiveCfg = Release|x64
		{53AB267F-833D-4377-A8D8-8AB78E467ABB}.Release|x64.Build.0 = Release|x64
		{53AB267F-833D-4377-A8D8-8AB78E467ABB}.Release|x86.ActiveCfg = Release|Win32
		{53AB267F-833D-4377-A8D8-8AB78E467ABB}.Release|x86.Build.0 = Release|Win32
		{E5227CDF-A2AD-4CA6-9A99-79DB6FEB231F}.Debug|x64.ActiveCfg = Debug|x64
		{E5227CDF-A2AD-4CA6-9A99-79DB6FEB231F}.Debug|x64.Build.0 = Debug|x64
		{E5227CDF-A2AD-4CA6-9A99-79DB6FEB231F}.Debug|x86.ActiveCfg = Debug|Win32
		{E5227CDF-A2AD-4CA6-9A99-79DB6FEB231F}.Debug|x86.Build.0 = Debug|Win32
		{E5227CDF-A2AD-4CA6-9A99-79DB6FEB231F}.Release|x64.ActiveCfg = Release|x64
		{E5227CDF-A2AD-4CA6-9A99-79DB6FEB231F}.Release|x64.Build.0 = Release|x64
		{E5227CDF-A2AD-4CA6-9A99-79DB6FEB231F}.Release|x86.ActiveCfg = Release|Win32
		{E5227CDF-A2AD-4CA6-9A99-79DB6FEB231F}.Release|x86.Build.0 = Release|Win32
		{91E4E98A-0D33-4084-AE0B-EB10EC2D9A92}.Debug|x64.ActiveCfg = Debug|x64
		{91E4E98A-0D33-4084-AE0B-EB10EC2D9A92}.Debug|x64.Build.0 = Debug|x64
		{91E4E98A-0D33-4084-AE0B-EB10EC2D9A92}.Debug|x86.ActiveCfg = Debug|Win32
		{91E4E98A-0D33-4084-AE0B-EB10EC2D9A92}.Debug|x86.Build.0 = Debug|Win32
		{91E4E98A-0D33-4084-AE0B-EB10EC2D9A92}.Release|x64.ActiveCfg = Release|x64
		{91E4E98A-0D33-4084-AE0B-EB10EC2D9A92}.Release|x64.Build.0 = Release|x64
		{91E4E98A-0D33-4084-AE0B-EB10EC2D9A92}.Release|x86.ActiveCfg = Release|Win32
		{91E4E98A-0D33-4084-AE0B-EB10EC2D9A92}.Release|x86.Build.0 = Release|Win32
		{F6EE1671-4100-402F-AADA-C7747CB2CD91}.Debug|x64.ActiveCfg = Debug|x64
		{F6EE1671-4100-402F-AADA-C7747CB2CD91}.Debug|x64.Build.0 = Debug|x64
		{F6EE1671-4100-402F-AADA-C7747CB2CD91}.Debug|x86.ActiveCfg = Debug|Win32
		{F6EE1671-4100-402F-AADA-C7747CB2CD91}.Debug|x86.Build.0 = Debug|Win32
		{F6EE1671-4100-402F-AADA-C7747CB2CD91}.Release|x64.ActiveCfg = Release|x64
		{F6EE1671-4100-402F-AADA-C7747CB2CD91}.Release|x64.Build.0 = Release|x64
		{F6EE1671-4100-402F-AADA-C7747CB2CD91}.Release|x86.ActiveCfg = Release|Win32
		{F6EE1671-4100-402F-AADA-C7747CB2CD91}.Release|x86.Build.0 = Release|Win32
		{64CEBBEE-72AC-4801-AD23-E95EC15D3C7B}.Debug|x64.ActiveCfg = Debug|x64
		{64CEBBEE-72AC-4801-AD23-E95EC15D3C7B}.Debug|x64.Build.0 = Debug|x64
		{64CEBBEE-72AC-4801-AD23-E95EC15D3C7B}.Debug|x86.ActiveCfg = Debug|Win32
		{64CEBBEE-72AC-4801-AD23-E95EC15D3C7B}.Debug|x86.Build.0 = Debug|Win32
		{64CEBBEE-72AC-4801-AD23-E95EC15D3C7B}.Release|x64.ActiveCfg = Release|x64
		{64CEBBEE-72AC-4801-AD23-E95EC15D3C7B}.Release|x64.Build.0 = Release|x64
		{64CEBBEE-72AC-4801-AD23-E95EC15D3C7B}.Release|x86.ActiveCfg = Release|Win32
		{64CEBBEE-72AC-4801-AD23-E95EC15D3C7B}.Release|x86.Build.0 = Release|Win32
		{5EBA002F-0F3D-4293-BD40-15BB7676DFA6}.Debug|x64.ActiveCfg = Debug|x64
		{5EBA002F-0F3D-4293-BD40-15BB7676DFA6}.Debug|x64.Build.0 = Debug|x64
		{5EBA002F-0F3D-4293-BD40-15BB7676DFA6}.Debug|x86.ActiveCfg = Debug|Win32
		{5EBA002F-0F3D-4293-BD40-15BB7676DFA6}.Debug|x86.Build.0 = Debug|Win32
		{5EBA002F-0F3D-4293-BD40-15BB7676DFA6}.Release|x64.ActiveCfg = Release|x64
		{5EBA002F-0F3D-4293-BD40-15BB7676DFA6}.Release|x64.Build.0 = Release|x64
		{5EBA002F-0F3D-4293-BD40-15BB7676DFA6}.Release|x86.ActiveCfg = Release|Win32
		{5EBA002F-0F3D-4293-BD40-15BB7676DFA6}.Release|x86.Build.0 = Release|Win32
		{7E8EAD66-E862-4ECE-9CCF-20215F9D0053}.Debug|x64.ActiveCfg = Debug|x64
		{7E8EAD66-E862-4ECE-9CCF-20215F9D0053}.Debug|x64.Build.0 = Debug|x64
		{7E8EAD66-E862-4ECE-9CCF-20215F9D0053}.Debug|x86.ActiveCfg = Debug|Win32
		{7E8EAD66-E862-4ECE-9CCF-20215F9D0053}.Debug|x86.Build.0 = Debug|Win32
		{7E8EAD66-E862-4ECE-9CCF-20215F9D0053}.Release|x64.ActiveCfg = Release|x64
		{7E8EAD66-E862-4ECE-9CCF-20215F9D0053}.Release|x64.Build.0 = Release|x64
		{7E8EAD66-E862-4ECE-9CCF-20215F9D0053}.Release|x86.ActiveCfg = Release|Win32
		{7E8EAD66-E862-4ECE-9CCF-20215F9D0053}.Release|x86.Build.0 = Release|Win32
		{3DAC2229-26E3-454D-AC3E-D0964F262BAD}.Debug|x64.ActiveCfg = Debug|x64
		{3DAC2229-26E3-454D-AC3E-D0964F262BAD}.Debug|x64.Build.0 = Debug|x64
		{3DAC2229-26E3-454D-AC3E-D0964F262BAD}.Debug|x86.ActiveCfg = Debug|Win32
		{3DAC2229-26E3-454D-AC3E-D0964F262BAD}.Debug|x86.Build.0 = Debug|Win32
		{3DAC2229-26E3-454D-AC3E-D0964F262BAD}.Release|x64.ActiveCfg = Release|x64
		{3DAC2229-26E3-454D-AC3E-D0964F262BAD}.Release|x64.Build.0 = Release|x64
		{3DAC2229-26E3-454D-AC3E-D0964F262BAD}.Release|x86.ActiveCfg = Release|Win32
		{3DAC2229-26E3-454D-AC3E-D0964F262BAD}.Release|x86.Build.0 = Release|Win32
		{A1226A34-6A81-4BBB-BFA6-7395CA0B630C}.Debug|x64.ActiveCfg = Debug|x64
		{A1226A34-6A81-4BBB-BFA6-7395CA0B630C}.Debug|x64.Build.0 = Debug|x64
		{A1226A34-6A81-4BBB-BFA6-7395CA0B630C}.Debug|x86.ActiveCfg = Debug|Win32
		{A1226A34-6A81-4BBB-BFA6-7395CA0B630C}.Debug|x86.Build.0 = Debug|Win32
		{A1226A34-6A81-4BBB-BFA6-7395CA0B630C}.Release|x64.ActiveCfg = Release|x64
		{A1226A34-6A81-4BBB-BFA6-7395CA0B630C}.Release|x64.Build.0 = Release|x64
		{A1226A34-6A81-4BBB-BFA6-7395CA0B630C}.Release|x86.ActiveCfg = Release|Win32
		{A1226A34-6A81-4BBB-BFA6-7395CA0B630C}.Release|x86.Build.0 = Release|Win32
	EndGlobalSection
	GlobalSection(SolutionProperties) = preSolution
		HideSolutionNode = FALSE
	EndGlobalSection
	GlobalSection(ExtensibilityGlobals) = postSolution
		SolutionGuid = {4FA86FE0-874F-438F-834A-DE2AE9CD755A}
	EndGlobalSection
EndGlobal
